
Microsoft Visual Studio Solution File, Format Version 12.00
# Visual Studio Version 17
VisualStudioVersion = 17.0.31903.59
MinimumVisualStudioVersion = 10.0.40219.1
Project("{2150E333-8FDC-42A3-9474-1A3956D46DE8}") = "src", "src", "{5639E7C2-A896-4C7A-8DDC-BB81CFF2C2E5}"
EndProject
Project("{FAE04EC0-301F-11D3-BF4B-00C04F79EFBC}") = "Shared", "src\Shared\Shared.csproj", "{81BBC0E4-EC43-4484-BE6D-871EB469EA3D}"
EndProject
Project("{2150E333-8FDC-42A3-9474-1A3956D46DE8}") = "tests", "tests", "{96DF6C05-1E91-42AE-8C4D-E6380780FD94}"
EndProject
Project("{FAE04EC0-301F-11D3-BF4B-00C04F79EFBC}") = "Shared.Test", "tests\Shared.Test\Shared.Test.csproj", "{06BE481A-3878-430E-BBCB-052904C786F6}"
EndProject
Global
	GlobalSection(SolutionConfigurationPlatforms) = preSolution
		Debug|Any CPU = Debug|Any CPU
		Release|Any CPU = Release|Any CPU
	EndGlobalSection
	GlobalSection(SolutionProperties) = preSolution
		HideSolutionNode = FALSE
	EndGlobalSection
	GlobalSection(ProjectConfigurationPlatforms) = postSolution
		{81BBC0E4-EC43-4484-BE6D-871EB469EA3D}.Debug|Any CPU.ActiveCfg = Debug|Any CPU
		{81BBC0E4-EC43-4484-BE6D-871EB469EA3D}.Debug|Any CPU.Build.0 = Debug|Any CPU
		{81BBC0E4-EC43-4484-BE6D-871EB469EA3D}.Release|Any CPU.ActiveCfg = Release|Any CPU
		{81BBC0E4-EC43-4484-BE6D-871EB469EA3D}.Release|Any CPU.Build.0 = Release|Any CPU
		{06BE481A-3878-430E-BBCB-052904C786F6}.Debug|Any CPU.ActiveCfg = Debug|Any CPU
		{06BE481A-3878-430E-BBCB-052904C786F6}.Debug|Any CPU.Build.0 = Debug|Any CPU
		{06BE481A-3878-430E-BBCB-052904C786F6}.Release|Any CPU.ActiveCfg = Release|Any CPU
		{06BE481A-3878-430E-BBCB-052904C786F6}.Release|Any CPU.Build.0 = Release|Any CPU
	EndGlobalSection
	GlobalSection(NestedProjects) = preSolution
		{81BBC0E4-EC43-4484-BE6D-871EB469EA3D} = {5639E7C2-A896-4C7A-8DDC-BB81CFF2C2E5}
		{06BE481A-3878-430E-BBCB-052904C786F6} = {96DF6C05-1E91-42AE-8C4D-E6380780FD94}
	EndGlobalSection
EndGlobal
